
Microsoft Visual Studio Solution File, Format Version 12.00
# Visual Studio Version 17
VisualStudioVersion = 17.0.32112.339
MinimumVisualStudioVersion = 10.0.40219.1
Project("{9A19103F-16F7-4668-BE54-9A1E7A4F7556}") = "Menu", "Menu\Menu.csproj", "{0B9E243F-0003-402A-849A-2652E766C611}"
EndProject
Project("{FAE04EC0-301F-11D3-BF4B-00C04F79EFBC}") = "Game", "Game\Game.csproj", "{E0F547EB-52B0-412F-AC04-2152580B74CA}"
EndProject
Project("{FAE04EC0-301F-11D3-BF4B-00C04F79EFBC}") = "GameModel", "GameModel\GameModel.csproj", "{B6DACD1A-1682-48FB-8FEF-978B8F0225F2}"
EndProject
Project("{FAE04EC0-301F-11D3-BF4B-00C04F79EFBC}") = "GameLogic", "GameLogic\GameLogic.csproj", "{E6C79F2B-4477-4408-B940-15020BB70804}"
EndProject
Global
	GlobalSection(SolutionConfigurationPlatforms) = preSolution
		Debug|Any CPU = Debug|Any CPU
		Release|Any CPU = Release|Any CPU
	EndGlobalSection
	GlobalSection(ProjectConfigurationPlatforms) = postSolution
		{0B9E243F-0003-402A-849A-2652E766C611}.Debug|Any CPU.ActiveCfg = Debug|Any CPU
		{0B9E243F-0003-402A-849A-2652E766C611}.Debug|Any CPU.Build.0 = Debug|Any CPU
		{0B9E243F-0003-402A-849A-2652E766C611}.Release|Any CPU.ActiveCfg = Release|Any CPU
		{0B9E243F-0003-402A-849A-2652E766C611}.Release|Any CPU.Build.0 = Release|Any CPU
		{E0F547EB-52B0-412F-AC04-2152580B74CA}.Debug|Any CPU.ActiveCfg = Debug|Any CPU
		{E0F547EB-52B0-412F-AC04-2152580B74CA}.Debug|Any CPU.Build.0 = Debug|Any CPU
		{E0F547EB-52B0-412F-AC04-2152580B74CA}.Release|Any CPU.ActiveCfg = Release|Any CPU
		{E0F547EB-52B0-412F-AC04-2152580B74CA}.Release|Any CPU.Build.0 = Release|Any CPU
		{B6DACD1A-1682-48FB-8FEF-978B8F0225F2}.Debug|Any CPU.ActiveCfg = Debug|Any CPU
		{B6DACD1A-1682-48FB-8FEF-978B8F0225F2}.Debug|Any CPU.Build.0 = Debug|Any CPU
		{B6DACD1A-1682-48FB-8FEF-978B8F0225F2}.Release|Any CPU.ActiveCfg = Release|Any CPU
		{B6DACD1A-1682-48FB-8FEF-978B8F0225F2}.Release|Any CPU.Build.0 = Release|Any CPU
		{E6C79F2B-4477-4408-B940-15020BB70804}.Debug|Any CPU.ActiveCfg = Debug|Any CPU
		{E6C79F2B-4477-4408-B940-15020BB70804}.Debug|Any CPU.Build.0 = Debug|Any CPU
		{E6C79F2B-4477-4408-B940-15020BB70804}.Release|Any CPU.ActiveCfg = Release|Any CPU
		{E6C79F2B-4477-4408-B940-15020BB70804}.Release|Any CPU.Build.0 = Release|Any CPU
	EndGlobalSection
	GlobalSection(SolutionProperties) = preSolution
		HideSolutionNode = FALSE
	EndGlobalSection
	GlobalSection(ExtensibilityGlobals) = postSolution
		SolutionGuid = {CBCA7A19-7ADA-433C-A626-FA94103A7DFE}
	EndGlobalSection
EndGlobal
